Microsoft Visual Studio Solution File, Format Version 12.00
# Visual Studio Version 17
VisualStudioVersion = 17.0.31903.59
MinimumVisualStudioVersion = 10.0.40219.1
Project("{2150E333-8FDC-42A3-9474-1A3956D46DE8}") = "src", "src", "{827E0CD3-B72D-47B6-A68D-7590B98EB39B}"
EndProject
Project("{FAE04EC0-301F-11D3-BF4B-00C04F79EFBC}") = "PV260.ArkFundsTracker.Web", "src\PV260.ArkFundsTracker.Web\PV260.ArkFundsTracker.Web.csproj", "{A300D6E5-5BC9-4B58-A31D-4CBC9B037BC7}"
EndProject
Project("{2150E333-8FDC-42A3-9474-1A3956D46DE8}") = "tests", "tests", "{0132EF06-4616-41F9-959A-170E84AA7AD2}"
EndProject
Project("{FAE04EC0-301F-11D3-BF4B-00C04F79EFBC}") = "PV260.ArkFundsTracker.Tests", "PV260.ArkFundsTracker.Tests\PV260.ArkFundsTracker.Tests.csproj", "{9DD39A79-8F98-4F49-A2DD-EEF8125A3EF0}"
EndProject
Project("{FAE04EC0-301F-11D3-BF4B-00C04F79EFBC}") = "PV260.ArkFundsTracker.E2ETests", "PV260.ArkFundsTracker.E2ETests\PV260.ArkFundsTracker.E2ETests.csproj", "{D677C59F-EEC2-4F2B-93BE-2FA08DEEF051}"
EndProject
Project("{FAE04EC0-301F-11D3-BF4B-00C04F79EFBC}") = "MCP", "src\MCP\MCP.csproj", "{00B536E9-717A-4918-8036-6DA1D073C8D5}"
EndProject
Global
	GlobalSection(SolutionConfigurationPlatforms) = preSolution
		Debug|Any CPU = Debug|Any CPU
		Debug|x64 = Debug|x64
		Debug|x86 = Debug|x86
		Release|Any CPU = Release|Any CPU
		Release|x64 = Release|x64
		Release|x86 = Release|x86
	EndGlobalSection
	GlobalSection(ProjectConfigurationPlatforms) = postSolution
		{A300D6E5-5BC9-4B58-A31D-4CBC9B037BC7}.Debug|Any CPU.ActiveCfg = Debug|Any CPU
		{A300D6E5-5BC9-4B58-A31D-4CBC9B037BC7}.Debug|Any CPU.Build.0 = Debug|Any CPU
		{A300D6E5-5BC9-4B58-A31D-4CBC9B037BC7}.Debug|x64.ActiveCfg = Debug|Any CPU
		{A300D6E5-5BC9-4B58-A31D-4CBC9B037BC7}.Debug|x64.Build.0 = Debug|Any CPU
		{A300D6E5-5BC9-4B58-A31D-4CBC9B037BC7}.Debug|x86.ActiveCfg = Debug|Any CPU
		{A300D6E5-5BC9-4B58-A31D-4CBC9B037BC7}.Debug|x86.Build.0 = Debug|Any CPU
		{A300D6E5-5BC9-4B58-A31D-4CBC9B037BC7}.Release|Any CPU.ActiveCfg = Release|Any CPU
		{A300D6E5-5BC9-4B58-A31D-4CBC9B037BC7}.Release|Any CPU.Build.0 = Release|Any CPU
		{A300D6E5-5BC9-4B58-A31D-4CBC9B037BC7}.Release|x64.ActiveCfg = Release|Any CPU
		{A300D6E5-5BC9-4B58-A31D-4CBC9B037BC7}.Release|x64.Build.0 = Release|Any CPU
		{A300D6E5-5BC9-4B58-A31D-4CBC9B037BC7}.Release|x86.ActiveCfg = Release|Any CPU
		{A300D6E5-5BC9-4B58-A31D-4CBC9B037BC7}.Release|x86.Build.0 = Release|Any CPU
		{9DD39A79-8F98-4F49-A2DD-EEF8125A3EF0}.Debug|Any CPU.ActiveCfg = Debug|Any CPU
		{9DD39A79-8F98-4F49-A2DD-EEF8125A3EF0}.Debug|Any CPU.Build.0 = Debug|Any CPU
		{9DD39A79-8F98-4F49-A2DD-EEF8125A3EF0}.Debug|x64.ActiveCfg = Debug|Any CPU
		{9DD39A79-8F98-4F49-A2DD-EEF8125A3EF0}.Debug|x64.Build.0 = Debug|Any CPU
		{9DD39A79-8F98-4F49-A2DD-EEF8125A3EF0}.Debug|x86.ActiveCfg = Debug|Any CPU
		{9DD39A79-8F98-4F49-A2DD-EEF8125A3EF0}.Debug|x86.Build.0 = Debug|Any CPU
		{9DD39A79-8F98-4F49-A2DD-EEF8125A3EF0}.Release|Any CPU.ActiveCfg = Release|Any CPU
		{9DD39A79-8F98-4F49-A2DD-EEF8125A3EF0}.Release|Any CPU.Build.0 = Release|Any CPU
		{9DD39A79-8F98-4F49-A2DD-EEF8125A3EF0}.Release|x64.ActiveCfg = Release|Any CPU
		{9DD39A79-8F98-4F49-A2DD-EEF8125A3EF0}.Release|x64.Build.0 = Release|Any CPU
		{9DD39A79-8F98-4F49-A2DD-EEF8125A3EF0}.Release|x86.ActiveCfg = Release|Any CPU
		{9DD39A79-8F98-4F49-A2DD-EEF8125A3EF0}.Release|x86.Build.0 = Release|Any CPU
		{D677C59F-EEC2-4F2B-93BE-2FA08DEEF051}.Debug|Any CPU.ActiveCfg = Debug|Any CPU
		{D677C59F-EEC2-4F2B-93BE-2FA08DEEF051}.Debug|Any CPU.Build.0 = Debug|Any CPU
		{D677C59F-EEC2-4F2B-93BE-2FA08DEEF051}.Debug|x64.ActiveCfg = Debug|Any CPU
		{D677C59F-EEC2-4F2B-93BE-2FA08DEEF051}.Debug|x64.Build.0 = Debug|Any CPU
		{D677C59F-EEC2-4F2B-93BE-2FA08DEEF051}.Debug|x86.ActiveCfg = Debug|Any CPU
		{D677C59F-EEC2-4F2B-93BE-2FA08DEEF051}.Debug|x86.Build.0 = Debug|Any CPU
		{D677C59F-EEC2-4F2B-93BE-2FA08DEEF051}.Release|Any CPU.ActiveCfg = Release|Any CPU
		{D677C59F-EEC2-4F2B-93BE-2FA08DEEF051}.Release|Any CPU.Build.0 = Release|Any CPU
		{D677C59F-EEC2-4F2B-93BE-2FA08DEEF051}.Release|x64.ActiveCfg = Release|Any CPU
		{D677C59F-EEC2-4F2B-93BE-2FA08DEEF051}.Release|x64.Build.0 = Release|Any CPU
		{D677C59F-EEC2-4F2B-93BE-2FA08DEEF051}.Release|x86.ActiveCfg = Release|Any CPU
		{D677C59F-EEC2-4F2B-93BE-2FA08DEEF051}.Release|x86.Build.0 = Release|Any CPU
		{00B536E9-717A-4918-8036-6DA1D073C8D5}.Debug|Any CPU.ActiveCfg = Debug|Any CPU
		{00B536E9-717A-4918-8036-6DA1D073C8D5}.Debug|Any CPU.Build.0 = Debug|Any CPU
		{00B536E9-717A-4918-8036-6DA1D073C8D5}.Debug|x64.ActiveCfg = Debug|Any CPU
		{00B536E9-717A-4918-8036-6DA1D073C8D5}.Debug|x64.Build.0 = Debug|Any CPU
		{00B536E9-717A-4918-8036-6DA1D073C8D5}.Debug|x86.ActiveCfg = Debug|Any CPU
		{00B536E9-717A-4918-8036-6DA1D073C8D5}.Debug|x86.Build.0 = Debug|Any CPU
		{00B536E9-717A-4918-8036-6DA1D073C8D5}.Release|Any CPU.ActiveCfg = Release|Any CPU
		{00B536E9-717A-4918-8036-6DA1D073C8D5}.Release|Any CPU.Build.0 = Release|Any CPU
		{00B536E9-717A-4918-8036-6DA1D073C8D5}.Release|x64.ActiveCfg = Release|Any CPU
		{00B536E9-717A-4918-8036-6DA1D073C8D5}.Release|x64.Build.0 = Release|Any CPU
		{00B536E9-717A-4918-8036-6DA1D073C8D5}.Release|x86.ActiveCfg = Release|Any CPU
		{00B536E9-717A-4918-8036-6DA1D073C8D5}.Release|x86.Build.0 = Release|Any CPU
	EndGlobalSection
	GlobalSection(SolutionProperties) = preSolution
		HideSolutionNode = FALSE
	EndGlobalSection
	GlobalSection(NestedProjects) = preSolution
		{A300D6E5-5BC9-4B58-A31D-4CBC9B037BC7} = {827E0CD3-B72D-47B6-A68D-7590B98EB39B}
		{9DD39A79-8F98-4F49-A2DD-EEF8125A3EF0} = {0132EF06-4616-41F9-959A-170E84AA7AD2}
		{00B536E9-717A-4918-8036-6DA1D073C8D5} = {827E0CD3-B72D-47B6-A68D-7590B98EB39B}
	EndGlobalSection
EndGlobal
